dependencies:
  espressif/console_cmd_ping:
    component_hash: 831875b3b6a9983b34abab2ecba7ca83447600912eda4b126948e1e439cf4a11
    dependencies:
    - name: espressif/console_simple_init
      registry_url: https://components.espressif.com
      require: public
      version: '>=1.1.0'
    - name: idf
      require: private
      version: '>=5.0'
    source:
      registry_url: https://components.espressif.com/
      type: service
    version: 1.2.0
  espressif/console_simple_init:
    component_hash: b488b12318f3cb6e0b55b034bd12956926d45f0e1396442e820f8ece4776c306
    dependencies:
    - name: idf
      require: private
      version: '>=5.0'
    source:
      registry_url: https://components.espressif.com
      type: service
    version: 1.1.0
  espressif/esp_modem:
    component_hash: f4fa6dab2496af2673a68881132bb7ce0f05bf62e30e5bd0d45b607066378a28
    dependencies:
    - name: idf
      require: private
      version: '>=4.1'
    source:
      registry_url: https://components.espressif.com/
      type: service
    version: 2.0.1
  idf:
    source:
      type: idf
    version: 6.0.0
direct_dependencies:
- espressif/console_cmd_ping
- espressif/esp_modem
- idf
manifest_hash: b0ade2efa6931d0b49216f6a0d80a8e1ba73cdb092e877f69047e008a04b1b51
target: esp32
version: 3.0.0
